
Microsoft Visual Studio Solution File, Format Version 12.00
# Visual Studio Version 18
VisualStudioVersion = 18.2.11415.280
MinimumVisualStudioVersion = 10.0.40219.1
Project("{9A19103F-16F7-4668-BE54-9A1E7A4F7556}") = "Blazicons.Ionicons", "Blazicons.Ionicons\Blazicons.Ionicons.csproj", "{A6481B67-348F-4C8D-8FE9-DEA90B65811F}"
EndProject
Project("{2150E333-8FDC-42A3-9474-1A3956D46DE8}") = "Solution Items", "Solution Items", "{B43AAF74-2110-429D-8C36-61FD3F747B1C}"
	ProjectSection(SolutionItems) = preProject
		.editorconfig = .editorconfig
		CHANGELOG.md = CHANGELOG.md
		LICENSE = LICENSE
		README.md = README.md
	EndProjectSection
EndProject
Project("{FAE04EC0-301F-11D3-BF4B-00C04F79EFBC}") = "Blazicons.Ionicons.Generating.Console", "Blazicons.Ionicons.Generating.Console\Blazicons.Ionicons.Generating.Console.csproj", "{3AAABBB4-D8EE-6006-FD62-A12BE3ED0645}"
EndProject
Global
	GlobalSection(SolutionConfigurationPlatforms) = preSolution
		Debug|Any CPU = Debug|Any CPU
		Release|Any CPU = Release|Any CPU
	EndGlobalSection
	GlobalSection(ProjectConfigurationPlatforms) = postSolution
		{A6481B67-348F-4C8D-8FE9-DEA90B65811F}.Debug|Any CPU.ActiveCfg = Debug|Any CPU
		{A6481B67-348F-4C8D-8FE9-DEA90B65811F}.Debug|Any CPU.Build.0 = Debug|Any CPU
		{A6481B67-348F-4C8D-8FE9-DEA90B65811F}.Release|Any CPU.ActiveCfg = Release|Any CPU
		{A6481B67-348F-4C8D-8FE9-DEA90B65811F}.Release|Any CPU.Build.0 = Release|Any CPU
		{3AAABBB4-D8EE-6006-FD62-A12BE3ED0645}.Debug|Any CPU.ActiveCfg = Debug|Any CPU
		{3AAABBB4-D8EE-6006-FD62-A12BE3ED0645}.Debug|Any CPU.Build.0 = Debug|Any CPU
		{3AAABBB4-D8EE-6006-FD62-A12BE3ED0645}.Release|Any CPU.ActiveCfg = Release|Any CPU
		{3AAABBB4-D8EE-6006-FD62-A12BE3ED0645}.Release|Any CPU.Build.0 = Release|Any CPU
	EndGlobalSection
	GlobalSection(SolutionProperties) = preSolution
		HideSolutionNode = FALSE
	EndGlobalSection
	GlobalSection(ExtensibilityGlobals) = postSolution
		SolutionGuid = {14F0FC13-88EA-463B-9ECF-06B2409BC322}
	EndGlobalSection
EndGlobal
